
Microsoft Visual Studio Solution File, Format Version 12.00
# Visual Studio 15
VisualStudioVersion = 15.0.26430.15
MinimumVisualStudioVersion = 10.0.40219.1
Project("{9A19103F-16F7-4668-BE54-9A1E7A4F7556}") = "Zane.LogHub.Web", "Zane.LogHub.Web\Zane.LogHub.Web.csproj", "{3C9A0117-FCDE-469F-933B-DCE5C254E923}"
EndProject
Project("{9A19103F-16F7-4668-BE54-9A1E7A4F7556}") = "Zane.LogHub.Client", "Zane.LogHub.Client\Zane.LogHub.Client.csproj", "{BCF3041F-0DFB-4752-BAA8-D978BEB55243}"
EndProject
Project("{9A19103F-16F7-4668-BE54-9A1E7A4F7556}") = "Zane.LogHub.Server", "Zane.LogHub.Server\Zane.LogHub.Server.csproj", "{F2BF3E30-5D4A-44F3-974D-8D7D1523DC85}"
EndProject
Project("{9A19103F-16F7-4668-BE54-9A1E7A4F7556}") = "Zane.LogHub.Client.Test", "Zane.LogHub.Client.Test\Zane.LogHub.Client.Test.csproj", "{7543ABD0-2D77-4DBB-B75B-3BBEB5976E09}"
EndProject
Project("{9A19103F-16F7-4668-BE54-9A1E7A4F7556}") = "Zane.LogHub.Client.CmdDemo", "Zane.LogHub.Client.CmdDemo\Zane.LogHub.Client.CmdDemo.csproj", "{A628A400-D395-4E5D-94D2-F4075B4E1A27}"
EndProject
Project("{9A19103F-16F7-4668-BE54-9A1E7A4F7556}") = "Test.Playground", "Test.Playground\Test.Playground.csproj", "{532320A5-29DB-4073-A0FC-7214C81A22E1}"
EndProject
Project("{FAE04EC0-301F-11D3-BF4B-00C04F79EFBC}") = "Zane.LogHub.Server.Test", "Zane.LogHub.Server.Test\Zane.LogHub.Server.Test.csproj", "{2EDE6FFD-B425-4B1D-8809-261C7AD13641}"
EndProject
Global
	GlobalSection(SolutionConfigurationPlatforms) = preSolution
		Debug|Any CPU = Debug|Any CPU
		Release|Any CPU = Release|Any CPU
	EndGlobalSection
	GlobalSection(ProjectConfigurationPlatforms) = postSolution
		{3C9A0117-FCDE-469F-933B-DCE5C254E923}.Debug|Any CPU.ActiveCfg = Debug|Any CPU
		{3C9A0117-FCDE-469F-933B-DCE5C254E923}.Debug|Any CPU.Build.0 = Debug|Any CPU
		{3C9A0117-FCDE-469F-933B-DCE5C254E923}.Release|Any CPU.ActiveCfg = Release|Any CPU
		{3C9A0117-FCDE-469F-933B-DCE5C254E923}.Release|Any CPU.Build.0 = Release|Any CPU
		{BCF3041F-0DFB-4752-BAA8-D978BEB55243}.Debug|Any CPU.ActiveCfg = Debug|Any CPU
		{BCF3041F-0DFB-4752-BAA8-D978BEB55243}.Debug|Any CPU.Build.0 = Debug|Any CPU
		{BCF3041F-0DFB-4752-BAA8-D978BEB55243}.Release|Any CPU.ActiveCfg = Release|Any CPU
		{BCF3041F-0DFB-4752-BAA8-D978BEB55243}.Release|Any CPU.Build.0 = Release|Any CPU
		{F2BF3E30-5D4A-44F3-974D-8D7D1523DC85}.Debug|Any CPU.ActiveCfg = Debug|Any CPU
		{F2BF3E30-5D4A-44F3-974D-8D7D1523DC85}.Debug|Any CPU.Build.0 = Debug|Any CPU
		{F2BF3E30-5D4A-44F3-974D-8D7D1523DC85}.Release|Any CPU.ActiveCfg = Release|Any CPU
		{F2BF3E30-5D4A-44F3-974D-8D7D1523DC85}.Release|Any CPU.Build.0 = Release|Any CPU
		{7543ABD0-2D77-4DBB-B75B-3BBEB5976E09}.Debug|Any CPU.ActiveCfg = Debug|Any CPU
		{7543ABD0-2D77-4DBB-B75B-3BBEB5976E09}.Debug|Any CPU.Build.0 = Debug|Any CPU
		{7543ABD0-2D77-4DBB-B75B-3BBEB5976E09}.Release|Any CPU.ActiveCfg = Release|Any CPU
		{7543ABD0-2D77-4DBB-B75B-3BBEB5976E09}.Release|Any CPU.Build.0 = Release|Any CPU
		{A628A400-D395-4E5D-94D2-F4075B4E1A27}.Debug|Any CPU.ActiveCfg = Debug|Any CPU
		{A628A400-D395-4E5D-94D2-F4075B4E1A27}.Debug|Any CPU.Build.0 = Debug|Any CPU
		{A628A400-D395-4E5D-94D2-F4075B4E1A27}.Release|Any CPU.ActiveCfg = Release|Any CPU
		{A628A400-D395-4E5D-94D2-F4075B4E1A27}.Release|Any CPU.Build.0 = Release|Any CPU
		{532320A5-29DB-4073-A0FC-7214C81A22E1}.Debug|Any CPU.ActiveCfg = Debug|Any CPU
		{532320A5-29DB-4073-A0FC-7214C81A22E1}.Debug|Any CPU.Build.0 = Debug|Any CPU
		{532320A5-29DB-4073-A0FC-7214C81A22E1}.Release|Any CPU.ActiveCfg = Release|Any CPU
		{532320A5-29DB-4073-A0FC-7214C81A22E1}.Release|Any CPU.Build.0 = Release|Any CPU
		{2EDE6FFD-B425-4B1D-8809-261C7AD13641}.Debug|Any CPU.ActiveCfg = Debug|Any CPU
		{2EDE6FFD-B425-4B1D-8809-261C7AD13641}.Debug|Any CPU.Build.0 = Debug|Any CPU
		{2EDE6FFD-B425-4B1D-8809-261C7AD13641}.Release|Any CPU.ActiveCfg = Release|Any CPU
		{2EDE6FFD-B425-4B1D-8809-261C7AD13641}.Release|Any CPU.Build.0 = Release|Any CPU
	EndGlobalSection
	GlobalSection(SolutionProperties) = preSolution
		HideSolutionNode = FALSE
	EndGlobalSection
EndGlobal
